// !$*UTF8*$!
{
	archiveVersion = 1;
	classes = {
	};
	objectVersion = 46;
	objects = {

/* Begin PBXBuildFile section */
		E25728F91D23BD82004D751D /* main.m in Sources */ = {isa = PBXBuildFile; fileRef = E25728F81D23BD82004D751D /* main.m */; };
		E25728FC1D23BD82004D751D /* AppDelegate.m in Sources */ = {isa = PBXBuildFile; fileRef = E25728FB1D23BD82004D751D /* AppDelegate.m */; };
		E25728FF1D23BD82004D751D /* ViewController.m in Sources */ = {isa = PBXBuildFile; fileRef = E25728FE1D23BD82004D751D /* ViewController.m */; };
		E25729021D23BD82004D751D /* Main.storyboard in Resources */ = {isa = PBXBuildFile; fileRef = E25729001D23BD82004D751D /* Main.storyboard */; };
		E25729041D23BD82004D751D /* Assets.xcassets in Resources */ = {isa = PBXBuildFile; fileRef = E25729031D23BD82004D751D /* Assets.xcassets */; };
		E25729071D23BD82004D751D /* LaunchScreen.storyboard in Resources */ = {isa = PBXBuildFile; fileRef = E25729051D23BD82004D751D /* LaunchScreen.storyboard */; };
		E25729161D23BEC5004D751D /* JPViewController.m in Sources */ = {isa = PBXBuildFile; fileRef = E25729151D23BEC5004D751D /* JPViewController.m */; };
		E25729181D23C007004D751D /* JSPatch.framework in Frameworks */ = {isa = PBXBuildFile; fileRef = E25729171D23C007004D751D /* JSPatch.framework */; };
		E257291D1D23EAEF004D751D /* demo.js in Resources */ = {isa = PBXBuildFile; fileRef = E257291C1D23EAEF004D751D /* demo.js */; };
		E25729201D23F7F8004D751D /* JPTableViewController.m in Sources */ = {isa = PBXBuildFile; fileRef = E257291F1D23F7F8004D751D /* JPTableViewController.m */; };
/* End PBXBuildFile section */

/* Begin PBXFileReference section */
		E25728F41D23BD82004D751D /* JSPatchDemo.app */ = {isa = PBXFileReference; explicitFileType = wrapper.application; includeInIndex = 0; path = JSPatchDemo.app; sourceTree = BUILT_PRODUCTS_DIR; };
		E25728F81D23BD82004D751D /* main.m */ = {isa = PBXFileReference; lastKnownFileType = sourcecode.c.objc; path = main.m; sourceTree = "<group>"; };
		E25728FA1D23BD82004D751D /* AppDelegate.h */ = {isa = PBXFileReference; lastKnownFileType = sourcecode.c.h; path = AppDelegate.h; sourceTree = "<group>"; };
		E25728FB1D23BD82004D751D /* AppDelegate.m */ = {isa = PBXFileReference; lastKnownFileType = sourcecode.c.objc; path = AppDelegate.m; sourceTree = "<group>"; };
		E25728FD1D23BD82004D751D /* ViewController.h */ = {isa = PBXFileReference; lastKnownFileType = sourcecode.c.h; path = ViewController.h; sourceTree = "<group>"; };
		E25728FE1D23BD82004D751D /* ViewController.m */ = {isa = PBXFileReference; lastKnownFileType = sourcecode.c.objc; path = ViewController.m; sourceTree = "<group>"; };
		E25729011D23BD82004D751D /* Base */ = {isa = PBXFileReference; lastKnownFileType = file.storyboard; name = Base; path = Base.lproj/Main.storyboard; sourceTree = "<group>"; };
		E25729031D23BD82004D751D /* Assets.xcassets */ = {isa = PBXFileReference; lastKnownFileType = folder.assetcatalog; path = Assets.xcassets; sourceTree = "<group>"; };
		E25729061D23BD82004D751D /* Base */ = {isa = PBXFileReference; lastKnownFileType = file.storyboard; name = Base; path = Base.lproj/LaunchScreen.storyboard; sourceTree = "<group>"; };
		E25729081D23BD82004D751D /* Info.plist */ = {isa = PBXFileReference; lastKnownFileType = text.plist.xml; path = Info.plist; sourceTree = "<group>"; };
		E25729141D23BEC5004D751D /* JPViewController.h */ = {isa = PBXFileReference; fileEncoding = 4; lastKnownFileType = sourcecode.c.h; path = JPViewController.h; sourceTree = "<group>"; };
		E25729151D23BEC5004D751D /* JPViewController.m */ = {isa = PBXFileReference; fileEncoding = 4; lastKnownFileType = sourcecode.c.objc; path = JPViewController.m; sourceTree = "<group>"; };
		E25729171D23C007004D751D /* JSPatch.framework */ = {isa = PBXFileReference; lastKnownFileType = wrapper.framework; path = JSPatch.framework; sourceTree = "<group>"; };
		E257291C1D23EAEF004D751D /* demo.js */ = {isa = PBXFileReference; fileEncoding = 4; lastKnownFileType = sourcecode.javascript; path = demo.js; sourceTree = "<group>"; };
		E257291E1D23F7F8004D751D /* JPTableViewController.h */ = {isa = PBXFileReference; fileEncoding = 4; lastKnownFileType = sourcecode.c.h; path = JPTableViewController.h; sourceTree = "<group>"; };
		E257291F1D23F7F8004D751D /* JPTableViewController.m */ = {isa = PBXFileReference; fileEncoding = 4; lastKnownFileType = sourcecode.c.objc; path = JPTableViewController.m; sourceTree = "<group>"; };
/* End PBXFileReference section */

/* Begin PBXFrameworksBuildPhase section */
		E25728F11D23BD82004D751D /* Frameworks */ = {
			isa = PBXFrameworksBuildPhase;
			buildActionMask = 2147483647;
			files = (
				E25729181D23C007004D751D /* JSPatch.framework in Frameworks */,
			);
			runOnlyForDeploymentPostprocessing = 0;
		};
/* End PBXFrameworksBuildPhase section */

/* Begin PBXGroup section */
		E25728EB1D23BD82004D751D = {
			isa = PBXGroup;
			children = (
				E25728F61D23BD82004D751D /* JSPatchDemo */,
				E25728F51D23BD82004D751D /* Products */,
			);
			sourceTree = "<group>";
		};
		E25728F51D23BD82004D751D /* Products */ = {
			isa = PBXGroup;
			children = (
				E25728F41D23BD82004D751D /* JSPatchDemo.app */,
			);
			name = Products;
			sourceTree = "<group>";
		};
		E25728F61D23BD82004D751D /* JSPatchDemo */ = {
			isa = PBXGroup;
			children = (
				E25729171D23C007004D751D /* JSPatch.framework */,
				E25728FA1D23BD82004D751D /* AppDelegate.h */,
				E25728FB1D23BD82004D751D /* AppDelegate.m */,
				E25729141D23BEC5004D751D /* JPViewController.h */,
				E25729151D23BEC5004D751D /* JPViewController.m */,
				E257291E1D23F7F8004D751D /* JPTableViewController.h */,
				E257291F1D23F7F8004D751D /* JPTableViewController.m */,
				E257291C1D23EAEF004D751D /* demo.js */,
				E25728FD1D23BD82004D751D /* ViewController.h */,
				E25728FE1D23BD82004D751D /* ViewController.m */,
				E25729001D23BD82004D751D /* Main.storyboard */,
				E25729031D23BD82004D751D /* Assets.xcassets */,
				E25729051D23BD82004D751D /* LaunchScreen.storyboard */,
				E25729081D23BD82004D751D /* Info.plist */,
				E25728F71D23BD82004D751D /* Supporting Files */,
			);
			path = JSPatchDemo;
			sourceTree = "<group>";
		};
		E25728F71D23BD82004D751D /* Supporting Files */ = {
			isa = PBXGroup;
			children = (
				E25728F81D23BD82004D751D /* main.m */,
			);
			name = "Supporting Files";
			sourceTree = "<group>";
		};
/* End PBXGroup section */

/* Begin PBXNativeTarget section */
		E25728F31D23BD82004D751D /* JSPatchDemo */ = {
			isa = PBXNativeTarget;
			buildConfigurationList = E257290B1D23BD82004D751D /* Build configuration list for PBXNativeTarget "JSPatchDemo" */;
			buildPhases = (
				E25728F01D23BD82004D751D /* Sources */,
				E25728F11D23BD82004D751D /* Frameworks */,
				E25728F21D23BD82004D751D /* Resources */,
			);
			buildRules = (
			);
			dependencies = (
			);
			name = JSPatchDemo;
			productName = JSPatchDemo;
			productReference = E25728F41D23BD82004D751D /* JSPatchDemo.app */;
			productType = "com.apple.product-type.application";
		};
/* End PBXNativeTarget section */

/* Begin PBXProject section */
		E25728EC1D23BD82004D751D /* Project object */ = {
			isa = PBXProject;
			attributes = {
				LastUpgradeCheck = 0730;
				ORGANIZATIONNAME = JP;
				TargetAttributes = {
					E25728F31D23BD82004D751D = {
						CreatedOnToolsVersion = 7.3;
					};
				};
			};
			buildConfigurationList = E25728EF1D23BD82004D751D /* Build configuration list for PBXProject "JSPatchDemo" */;
			compatibilityVersion = "Xcode 3.2";
			developmentRegion = English;
			hasScannedForEncodings = 0;
			knownRegions = (
				en,
				Base,
			);
			mainGroup = E25728EB1D23BD82004D751D;
			productRefGroup = E25728F51D23BD82004D751D /* Products */;
			projectDirPath = "";
			projectRoot = "";
			targets = (
				E25728F31D23BD82004D751D /* JSPatchDemo */,
			);
		};
/* End PBXProject section */

/* Begin PBXResourcesBuildPhase section */
		E25728F21D23BD82004D751D /* Resources */ = {
			isa = PBXResourcesBuildPhase;
			buildActionMask = 2147483647;
			files = (
				E25729071D23BD82004D751D /* LaunchScreen.storyboard in Resources */,
				E25729041D23BD82004D751D /* Assets.xcassets in Resources */,
				E25729021D23BD82004D751D /* Main.storyboard in Resources */,
				E257291D1D23EAEF004D751D /* demo.js in Resources */,
			);
			runOnlyForDeploymentPostprocessing = 0;
		};
/* End PBXResourcesBuildPhase section */

/* Begin PBXSourcesBuildPhase section */
		E25728F01D23BD82004D751D /* Sources */ = {
			isa = PBXSourcesBuildPhase;
			buildActionMask = 2147483647;
			files = (
				E25728FF1D23BD82004D751D /* ViewController.m in Sources */,
				E25729161D23BEC5004D751D /* JPViewController.m in Sources */,
				E25728FC1D23BD82004D751D /* AppDelegate.m in Sources */,
				E25728F91D23BD82004D751D /* main.m in Sources */,
				E25729201D23F7F8004D751D /* JPTableViewController.m in Sources */,
			);
			runOnlyForDeploymentPostprocessing = 0;
		};
/* End PBXSourcesBuildPhase section */

/* Begin PBXVariantGroup section */
		E25729001D23BD82004D751D /* Main.storyboard */ = {
			isa = PBXVariantGroup;
			children = (
				E25729011D23BD82004D751D /* Base */,
			);
			name = Main.storyboard;
			sourceTree = "<group>";
		};
		E25729051D23BD82004D751D /* LaunchScreen.storyboard */ = {
			isa = PBXVariantGroup;
			children = (
				E25729061D23BD82004D751D /* Base */,
			);
			name = LaunchScreen.storyboard;
			sourceTree = "<group>";
		};
/* End PBXVariantGroup section */

/* Begin XCBuildConfiguration section */
		E25729091D23BD82004D751D /* Debug */ = {
			isa = XCBuildConfiguration;
			buildSettings = {
				ALWAYS_SEARCH_USER_PATHS = NO;
				CLANG_ANALYZER_NONNULL = YES;
				CLANG_CXX_LANGUAGE_STANDARD = "gnu++0x";
				CLANG_CXX_LIBRARY = "libc++";
				CLANG_ENABLE_MODULES = YES;
				CLANG_ENABLE_OBJC_ARC = YES;
				CLANG_WARN_BOOL_CONVERSION = YES;
				CLANG_WARN_CONSTANT_CONVERSION = YES;
				CLANG_WARN_DIRECT_OBJC_ISA_USAGE = YES_ERROR;
				CLANG_WARN_EMPTY_BODY = YES;
				CLANG_WARN_ENUM_CONVERSION = YES;
				CLANG_WARN_INT_CONVERSION = YES;
				CLANG_WARN_OBJC_ROOT_CLASS = YES_ERROR;
				CLANG_WARN_UNREACHABLE_CODE = YES;
				CLANG_WARN__DUPLICATE_METHOD_MATCH = YES;
				"CODE_SIGN_IDENTITY[sdk=iphoneos*]" = "iPhone Developer";
				COPY_PHASE_STRIP = NO;
				DEBUG_INFORMATION_FORMAT = dwarf;
				ENABLE_STRICT_OBJC_MSGSEND = YES;
				ENABLE_TESTABILITY = YES;
				GCC_C_LANGUAGE_STANDARD = gnu99;
				GCC_DYNAMIC_NO_PIC = NO;
				GCC_NO_COMMON_BLOCKS = YES;
				GCC_OPTIMIZATION_LEVEL = 0;
				GCC_PREPROCESSOR_DEFINITIONS = (
					"DEBUG=1",
					"$(inherited)",
				);
				GCC_WARN_64_TO_32_BIT_CONVERSION = YES;
				GCC_WARN_ABOUT_RETURN_TYPE = YES_ERROR;
				GCC_WARN_UNDECLARED_SELECTOR = YES;
				GCC_WARN_UNINITIALIZED_AUTOS = YES_AGGRESSIVE;
				GCC_WARN_UNUSED_FUNCTION = YES;
				GCC_WARN_UNUSED_VARIABLE = YES;
				IPHONEOS_DEPLOYMENT_TARGET = 9.3;
				MTL_ENABLE_DEBUG_INFO = YES;
				ONLY_ACTIVE_ARCH = YES;
				SDKROOT = iphoneos;
			};
			name = Debug;
		};
		E257290A1D23BD82004D751D /* Release */ = {
			isa = XCBuildConfiguration;
			buildSettings = {
				ALWAYS_SEARCH_USER_PATHS = NO;
				CLANG_ANALYZER_NONNULL = YES;
				CLANG_CXX_LANGUAGE_STANDARD = "gnu++0x";
				CLANG_CXX_LIBRARY = "libc++";
				CLANG_ENABLE_MODULES = YES;
				CLANG_ENABLE_OBJC_ARC = YES;
				CLANG_WARN_BOOL_CONVERSION = YES;
				CLANG_WARN_CONSTANT_CONVERSION = YES;
				CLANG_WARN_DIRECT_OBJC_ISA_USAGE = YES_ERROR;
				CLANG_WARN_EMPTY_BODY = YES;
				CLANG_WARN_ENUM_CONVERSION = YES;
				CLANG_WARN_INT_CONVERSION = YES;
				CLANG_WARN_OBJC_ROOT_CLASS = YES_ERROR;
				CLANG_WARN_UNREACHABLE_CODE = YES;
				CLANG_WARN__DUPLICATE_METHOD_MATCH = YES;
				"CODE_SIGN_IDENTITY[sdk=iphoneos*]" = "iPhone Developer";
				COPY_PHASE_STRIP = NO;
				DEBUG_INFORMATION_FORMAT = "dwarf-with-dsym";
				ENABLE_NS_ASSERTIONS = NO;
				ENABLE_STRICT_OBJC_MSGSEND = YES;
				GCC_C_LANGUAGE_STANDARD = gnu99;
				GCC_NO_COMMON_BLOCKS = YES;
				GCC_WARN_64_TO_32_BIT_CONVERSION = YES;
				GCC_WARN_ABOUT_RETURN_TYPE = YES_ERROR;
				GCC_WARN_UNDECLARED_SELECTOR = YES;
				GCC_WARN_UNINITIALIZED_AUTOS = YES_AGGRESSIVE;
				GCC_WARN_UNUSED_FUNCTION = YES;
				GCC_WARN_UNUSED_VARIABLE = YES;
				IPHONEOS_DEPLOYMENT_TARGET = 9.3;
				MTL_ENABLE_DEBUG_INFO = NO;
				SDKROOT = iphoneos;
				VALIDATE_PRODUCT = YES;
			};
			name = Release;
		};
		E257290C1D23BD82004D751D /* Debug */ = {
			isa = XCBuildConfiguration;
			buildSettings = {
				ASSETCATALOG_COMPILER_APPICON_NAME = AppIcon;
				FRAMEWORK_SEARCH_PATHS = (
					"$(inherited)",
					"$(PROJECT_DIR)/JSPatchDemo",
				);
				INFOPLIST_FILE = JSPatchDemo/Info.plist;
				LD_RUNPATH_SEARCH_PATHS = "$(inherited) @executable_path/Frameworks";
				PRODUCT_BUNDLE_IDENTIFIER = com.jingpeng.JSPatchDemo;
				PRODUCT_NAME = "$(TARGET_NAME)";
			};
			name = Debug;
		};
		E257290D1D23BD82004D751D /* Release */ = {
			isa = XCBuildConfiguration;
			buildSettings = {
				ASSETCATALOG_COMPILER_APPICON_NAME = AppIcon;
				FRAMEWORK_SEARCH_PATHS = (
					"$(inherited)",
					"$(PROJECT_DIR)/JSPatchDemo",
				);
				INFOPLIST_FILE = JSPatchDemo/Info.plist;
				LD_RUNPATH_SEARCH_PATHS = "$(inherited) @executable_path/Frameworks";
				PRODUCT_BUNDLE_IDENTIFIER = com.jingpeng.JSPatchDemo;
				PRODUCT_NAME = "$(TARGET_NAME)";
			};
			name = Release;
		};
/* End XCBuildConfiguration section */

/* Begin XCConfigurationList section */
		E25728EF1D23BD82004D751D /* Build configuration list for PBXProject "JSPatchDemo" */ = {
			isa = XCConfigurationList;
			buildConfigurations = (
				E25729091D23BD82004D751D /* Debug */,
				E257290A1D23BD82004D751D /* Release */,
			);
			defaultConfigurationIsVisible = 0;
			defaultConfigurationName = Release;
		};
		E257290B1D23BD82004D751D /* Build configuration list for PBXNativeTarget "JSPatchDemo" */ = {
			isa = XCConfigurationList;
			buildConfigurations = (
				E257290C1D23BD82004D751D /* Debug */,
				E257290D1D23BD82004D751D /* Release */,
			);
			defaultConfigurationIsVisible = 0;
		};
/* End XCConfigurationList section */
	};
	rootObject = E25728EC1D23BD82004D751D /* Project object */;
}
